
Microsoft Visual Studio Solution File, Format Version 12.00
# Visual Studio Version 16
VisualStudioVersion = 16.0.32126.315
MinimumVisualStudioVersion = 10.0.40219.1
Project("{FAE04EC0-301F-11D3-BF4B-00C04F79EFBC}") = "Amazon", "Amazon\Amazon.csproj", "{AEB6DD45-2AF3-48C7-850B-946226114552}"
EndProject
Global
	GlobalSection(SolutionConfigurationPlatforms) = preSolution
		Debug|Any CPU = Debug|Any CPU
		Release|Any CPU = Release|Any CPU
	EndGlobalSection
	GlobalSection(ProjectConfigurationPlatforms) = postSolution
		{AEB6DD45-2AF3-48C7-850B-946226114552}.Debug|Any CPU.ActiveCfg = Debug|Any CPU
		{AEB6DD45-2AF3-48C7-850B-946226114552}.Debug|Any CPU.Build.0 = Debug|Any CPU
		{AEB6DD45-2AF3-48C7-850B-946226114552}.Release|Any CPU.ActiveCfg = Release|Any CPU
		{AEB6DD45-2AF3-48C7-850B-946226114552}.Release|Any CPU.Build.0 = Release|Any CPU
	EndGlobalSection
	GlobalSection(SolutionProperties) = preSolution
		HideSolutionNode = FALSE
	EndGlobalSection
	GlobalSection(ExtensibilityGlobals) = postSolution
		SolutionGuid = {1E81DF85-3B3A-4094-8519-9754373024B2}
	EndGlobalSection
EndGlobal
